
Microsoft Visual Studio Solution File, Format Version 12.00
# Visual Studio Version 17
VisualStudioVersion = 17.3.32922.545
MinimumVisualStudioVersion = 10.0.40219.1
Project("{9A19103F-16F7-4668-BE54-9A1E7A4F7556}") = "CompetitiveCodingProblems", "CompatitiveCodingProblems\CompetitiveCodingProblems.csproj", "{A40C3892-26E2-4605-ACC8-1A02D670817A}"
EndProject
Project("{9A19103F-16F7-4668-BE54-9A1E7A4F7556}") = "DataStructures", "DataStructures\DataStructures.csproj", "{1AA82380-7150-483C-9CCE-E10FC75BE65B}"
EndProject
Project("{9A19103F-16F7-4668-BE54-9A1E7A4F7556}") = "HeadFirst", "HeadFirst\HeadFirst.csproj", "{863098EB-DD4A-48AD-AE85-5EFBD86D09C6}"
EndProject
Global
	GlobalSection(SolutionConfigurationPlatforms) = preSolution
		Debug|Any CPU = Debug|Any CPU
		Release|Any CPU = Release|Any CPU
	EndGlobalSection
	GlobalSection(ProjectConfigurationPlatforms) = postSolution
		{A40C3892-26E2-4605-ACC8-1A02D670817A}.Debug|Any CPU.ActiveCfg = Debug|Any CPU
		{A40C3892-26E2-4605-ACC8-1A02D670817A}.Debug|Any CPU.Build.0 = Debug|Any CPU
		{A40C3892-26E2-4605-ACC8-1A02D670817A}.Release|Any CPU.ActiveCfg = Release|Any CPU
		{A40C3892-26E2-4605-ACC8-1A02D670817A}.Release|Any CPU.Build.0 = Release|Any CPU
		{1AA82380-7150-483C-9CCE-E10FC75BE65B}.Debug|Any CPU.ActiveCfg = Debug|Any CPU
		{1AA82380-7150-483C-9CCE-E10FC75BE65B}.Debug|Any CPU.Build.0 = Debug|Any CPU
		{1AA82380-7150-483C-9CCE-E10FC75BE65B}.Release|Any CPU.ActiveCfg = Release|Any CPU
		{1AA82380-7150-483C-9CCE-E10FC75BE65B}.Release|Any CPU.Build.0 = Release|Any CPU
		{863098EB-DD4A-48AD-AE85-5EFBD86D09C6}.Debug|Any CPU.ActiveCfg = Debug|Any CPU
		{863098EB-DD4A-48AD-AE85-5EFBD86D09C6}.Debug|Any CPU.Build.0 = Debug|Any CPU
		{863098EB-DD4A-48AD-AE85-5EFBD86D09C6}.Release|Any CPU.ActiveCfg = Release|Any CPU
		{863098EB-DD4A-48AD-AE85-5EFBD86D09C6}.Release|Any CPU.Build.0 = Release|Any CPU
	EndGlobalSection
	GlobalSection(SolutionProperties) = preSolution
		HideSolutionNode = FALSE
	EndGlobalSection
	GlobalSection(ExtensibilityGlobals) = postSolution
		SolutionGuid = {F255A618-52BA-44B7-8B90-085C14751A8A}
	EndGlobalSection
EndGlobal
